// !$*UTF8*$!
{
	archiveVersion = 1;
	classes = {
	};
	objectVersion = 46;
	objects = {

/* Begin PBXBuildFile section */
		12050C4C76B1B58D5276B25D /* Pods_Elmla3eb.framework in Frameworks */ = {isa = PBXBuildFile; fileRef = 30DD10A2033D8A3CBCE2B698 /* Pods_Elmla3eb.framework */; };
		715B892D1E2ADD10000804EA /* FieldsMap.swift in Sources */ = {isa = PBXBuildFile; fileRef = 715B892C1E2ADD10000804EA /* FieldsMap.swift */; };
		7162B71F1E263100003C3206 /* PinAnnotation.swift in Sources */ = {isa = PBXBuildFile; fileRef = 7162B71E1E263100003C3206 /* PinAnnotation.swift */; };
		7162B7231E263DB3003C3206 /* MaterialView.swift in Sources */ = {isa = PBXBuildFile; fileRef = 7162B7221E263DB3003C3206 /* MaterialView.swift */; };
		7162B7251E265DD0003C3206 /* PlayFieldDaysOfWeekCollectionViewCell.swift in Sources */ = {isa = PBXBuildFile; fileRef = 7162B7241E265DD0003C3206 /* PlayFieldDaysOfWeekCollectionViewCell.swift */; };
		7162B7271E265DF1003C3206 /* PlayFieldDaysOfWeekTableViewCell.swift in Sources */ = {isa = PBXBuildFile; fileRef = 7162B7261E265DF1003C3206 /* PlayFieldDaysOfWeekTableViewCell.swift */; };
		7162B72F1E265EC7003C3206 /* CVPlayFieldViewController.swift in Sources */ = {isa = PBXBuildFile; fileRef = 7162B72E1E265EC7003C3206 /* CVPlayFieldViewController.swift */; };
		716728581E2B6B8600C32F59 /* SWRevealViewController.m in Sources */ = {isa = PBXBuildFile; fileRef = 716728571E2B6B8600C32F59 /* SWRevealViewController.m */; };
		7167285A1E2B706C00C32F59 /* ExtRevealSieMenu.swift in Sources */ = {isa = PBXBuildFile; fileRef = 716728591E2B706C00C32F59 /* ExtRevealSieMenu.swift */; };
		7167285C1E2B788000C32F59 /* sideMenuTableView.swift in Sources */ = {isa = PBXBuildFile; fileRef = 7167285B1E2B788000C32F59 /* sideMenuTableView.swift */; };
		7167285E1E2B96D100C32F59 /* SearchViewController.swift in Sources */ = {isa = PBXBuildFile; fileRef = 7167285D1E2B96D100C32F59 /* SearchViewController.swift */; };
		716728611E2B98E000C32F59 /* ExtRegisterDatePicker.swift in Sources */ = {isa = PBXBuildFile; fileRef = 716728601E2B98E000C32F59 /* ExtRegisterDatePicker.swift */; };
		716728631E2BA8DD00C32F59 /* ExtSearchVC.swift in Sources */ = {isa = PBXBuildFile; fileRef = 716728621E2BA8DD00C32F59 /* ExtSearchVC.swift */; };
		71B52C6D1E2778B600E2BFFA /* AukDistrib.swift in Sources */ = {isa = PBXBuildFile; fileRef = 71B52C6A1E2778B600E2BFFA /* AukDistrib.swift */; };
		71B52C6E1E2778B600E2BFFA /* ScrollViewEx.swift in Sources */ = {isa = PBXBuildFile; fileRef = 71B52C6B1E2778B600E2BFFA /* ScrollViewEx.swift */; };
		71B52C6F1E2778B600E2BFFA /* MoaDistrib.swift in Sources */ = {isa = PBXBuildFile; fileRef = 71B52C6C1E2778B600E2BFFA /* MoaDistrib.swift */; };
		71B52C751E277D9700E2BFFA /* Static Bold Italic.otf in Resources */ = {isa = PBXBuildFile; fileRef = 71B52C711E277D9700E2BFFA /* Static Bold Italic.otf */; };
		71B52C761E277D9700E2BFFA /* Static Bold.otf in Resources */ = {isa = PBXBuildFile; fileRef = 71B52C721E277D9700E2BFFA /* Static Bold.otf */; };
		71B52C771E277D9700E2BFFA /* Static Italic.otf in Resources */ = {isa = PBXBuildFile; fileRef = 71B52C731E277D9700E2BFFA /* Static Italic.otf */; };
		71B52C781E277D9700E2BFFA /* Static.otf in Resources */ = {isa = PBXBuildFile; fileRef = 71B52C741E277D9700E2BFFA /* Static.otf */; };
		71B52C7A1E27807700E2BFFA /* HomePageViewController.swift in Sources */ = {isa = PBXBuildFile; fileRef = 71B52C791E27807700E2BFFA /* HomePageViewController.swift */; };
		71B52C7D1E27815B00E2BFFA /* ExtHomePAuk.swift in Sources */ = {isa = PBXBuildFile; fileRef = 71B52C7C1E27815B00E2BFFA /* ExtHomePAuk.swift */; };
		71B52C801E278E0300E2BFFA /* CitiesAndPlayFieldsCollectionViewCell.swift in Sources */ = {isa = PBXBuildFile; fileRef = 71B52C7E1E278E0300E2BFFA /* CitiesAndPlayFieldsCollectionViewCell.swift */; };
		71B52C811E278E0300E2BFFA /* CitiesAndPlayFieldsCollectionViewCell.xib in Resources */ = {isa = PBXBuildFile; fileRef = 71B52C7F1E278E0300E2BFFA /* CitiesAndPlayFieldsCollectionViewCell.xib */; };
		71B52C831E27A72400E2BFFA /* RecentAddedFieldsCollectionViewCell.swift in Sources */ = {isa = PBXBuildFile; fileRef = 71B52C821E27A72400E2BFFA /* RecentAddedFieldsCollectionViewCell.swift */; };
		71B52C851E27A73700E2BFFA /* MostBookedCollectionViewCell.swift in Sources */ = {isa = PBXBuildFile; fileRef = 71B52C841E27A73700E2BFFA /* MostBookedCollectionViewCell.swift */; };
		71B52C871E27A78600E2BFFA /* CitiesAndFieldsCollectionViewCell.swift in Sources */ = {isa = PBXBuildFile; fileRef = 71B52C861E27A78600E2BFFA /* CitiesAndFieldsCollectionViewCell.swift */; };
		71B52C8A1E27AA6700E2BFFA /* ExtHPCollectionDelegate.swift in Sources */ = {isa = PBXBuildFile; fileRef = 71B52C891E27AA6700E2BFFA /* ExtHPCollectionDelegate.swift */; };
		71B52C8C1E27AA7800E2BFFA /* ExtHPCollectionDataSource.swift in Sources */ = {isa = PBXBuildFile; fileRef = 71B52C8B1E27AA7800E2BFFA /* ExtHPCollectionDataSource.swift */; };
		71B52C911E27CF6E00E2BFFA /* L012Localizer.swift in Sources */ = {isa = PBXBuildFile; fileRef = 71B52C8D1E27CF6E00E2BFFA /* L012Localizer.swift */; };
		71B52C921E27CF6E00E2BFFA /* L102Language.swift in Sources */ = {isa = PBXBuildFile; fileRef = 71B52C8E1E27CF6E00E2BFFA /* L102Language.swift */; };
		71B52C931E27CF6E00E2BFFA /* MirroringLabel.swift in Sources */ = {isa = PBXBuildFile; fileRef = 71B52C8F1E27CF6E00E2BFFA /* MirroringLabel.swift */; };
		71F5FAA41E24C14000BD1F83 /* AppDelegate.swift in Sources */ = {isa = PBXBuildFile; fileRef = 71F5FAA31E24C14000BD1F83 /* AppDelegate.swift */; };
		71F5FAA61E24C14000BD1F83 /* RegisterViewController.swift in Sources */ = {isa = PBXBuildFile; fileRef = 71F5FAA51E24C14000BD1F83 /* RegisterViewController.swift */; };
		71F5FAA91E24C14000BD1F83 /* Main.storyboard in Resources */ = {isa = PBXBuildFile; fileRef = 71F5FAA71E24C14000BD1F83 /* Main.storyboard */; };
		71F5FAAB1E24C14000BD1F83 /* Assets.xcassets in Resources */ = {isa = PBXBuildFile; fileRef = 71F5FAAA1E24C14000BD1F83 /* Assets.xcassets */; };
		71F5FAAE1E24C14000BD1F83 /* LaunchScreen.storyboard in Resources */ = {isa = PBXBuildFile; fileRef = 71F5FAAC1E24C14000BD1F83 /* LaunchScreen.storyboard */; };
		71F5FAB61E24CD0800BD1F83 /* RegisterTextFieldDeledate.swift in Sources */ = {isa = PBXBuildFile; fileRef = 71F5FAB51E24CD0800BD1F83 /* RegisterTextFieldDeledate.swift */; };
		71F5FABA1E24D68C00BD1F83 /* DatePickerDialog.swift in Sources */ = {isa = PBXBuildFile; fileRef = 71F5FAB91E24D68C00BD1F83 /* DatePickerDialog.swift */; };
		71F5FABC1E24DC8000BD1F83 /* Extensions.swift in Sources */ = {isa = PBXBuildFile; fileRef = 71F5FABB1E24DC8000BD1F83 /* Extensions.swift */; };
		71F5FABE1E24E9BA00BD1F83 /* SigninViewController.swift in Sources */ = {isa = PBXBuildFile; fileRef = 71F5FABD1E24E9BA00BD1F83 /* SigninViewController.swift */; };
		71F5FAC81E24F31100BD1F83 /* alert-round.png in Resources */ = {isa = PBXBuildFile; fileRef = 71F5FAC01E24F31100BD1F83 /* alert-round.png */; };
		71F5FAC91E24F31100BD1F83 /* checkmark-round.png in Resources */ = {isa = PBXBuildFile; fileRef = 71F5FAC11E24F31100BD1F83 /* checkmark-round.png */; };
		71F5FACA1E24F31100BD1F83 /* close-round.png in Resources */ = {isa = PBXBuildFile; fileRef = 71F5FAC21E24F31100BD1F83 /* close-round.png */; };
		71F5FACB1E24F31100BD1F83 /* Colors.swift in Sources */ = {isa = PBXBuildFile; fileRef = 71F5FAC31E24F31100BD1F83 /* Colors.swift */; };
		71F5FACC1E24F31100BD1F83 /* FCAlertView.swift in Sources */ = {isa = PBXBuildFile; fileRef = 71F5FAC51E24F31100BD1F83 /* FCAlertView.swift */; };
		71F5FACD1E24F31100BD1F83 /* FCAlertViewDelegate.swift in Sources */ = {isa = PBXBuildFile; fileRef = 71F5FAC61E24F31100BD1F83 /* FCAlertViewDelegate.swift */; };
		71F5FACE1E24F31100BD1F83 /* Info.plist in Resources */ = {isa = PBXBuildFile; fileRef = 71F5FAC71E24F31100BD1F83 /* Info.plist */; };
		71F5FAD01E250A6C00BD1F83 /* MapKit.framework in Frameworks */ = {isa = PBXBuildFile; fileRef = 71F5FACF1E250A6C00BD1F83 /* MapKit.framework */; };
		71F5FAD31E250E1000BD1F83 /* PlayFieldViewController.swift in Sources */ = {isa = PBXBuildFile; fileRef = 71F5FAD21E250E1000BD1F83 /* PlayFieldViewController.swift */; };
/* End PBXBuildFile section */

/* Begin PBXFileReference section */
		1B5CA1DB848E9C92DCAF236C /* Pods-Elmla3eb.debug.xcconfig */ = {isa = PBXFileReference; includeInIndex = 1; lastKnownFileType = text.xcconfig; name = "Pods-Elmla3eb.debug.xcconfig"; path = "Pods/Target Support Files/Pods-Elmla3eb/Pods-Elmla3eb.debug.xcconfig"; sourceTree = "<group>"; };
		30DD10A2033D8A3CBCE2B698 /* Pods_Elmla3eb.framework */ = {isa = PBXFileReference; explicitFileType = wrapper.framework; includeInIndex = 0; path = Pods_Elmla3eb.framework; sourceTree = BUILT_PRODUCTS_DIR; };
		5A3F71405FE3747D43A56C93 /* Pods-Elmla3eb.release.xcconfig */ = {isa = PBXFileReference; includeInIndex = 1; lastKnownFileType = text.xcconfig; name = "Pods-Elmla3eb.release.xcconfig"; path = "Pods/Target Support Files/Pods-Elmla3eb/Pods-Elmla3eb.release.xcconfig"; sourceTree = "<group>"; };
		715B892C1E2ADD10000804EA /* FieldsMap.swift */ = {isa = PBXFileReference; fileEncoding = 4; lastKnownFileType = sourcecode.swift; path = FieldsMap.swift; sourceTree = "<group>"; };
		7162B71E1E263100003C3206 /* PinAnnotation.swift */ = {isa = PBXFileReference; fileEncoding = 4; lastKnownFileType = sourcecode.swift; path = PinAnnotation.swift; sourceTree = "<group>"; };
		7162B7221E263DB3003C3206 /* MaterialView.swift */ = {isa = PBXFileReference; fileEncoding = 4; lastKnownFileType = sourcecode.swift; path = MaterialView.swift; sourceTree = "<group>"; };
		7162B7241E265DD0003C3206 /* PlayFieldDaysOfWeekCollectionViewCell.swift */ = {isa = PBXFileReference; fileEncoding = 4; lastKnownFileType = sourcecode.swift; path = PlayFieldDaysOfWeekCollectionViewCell.swift; sourceTree = "<group>"; };
		7162B7261E265DF1003C3206 /* PlayFieldDaysOfWeekTableViewCell.swift */ = {isa = PBXFileReference; fileEncoding = 4; lastKnownFileType = sourcecode.swift; path = PlayFieldDaysOfWeekTableViewCell.swift; sourceTree = "<group>"; };
		7162B72E1E265EC7003C3206 /* CVPlayFieldViewController.swift */ = {isa = PBXFileReference; fileEncoding = 4; lastKnownFileType = sourcecode.swift; path = CVPlayFieldViewController.swift; sourceTree = "<group>"; };
		716728521E2B6AD500C32F59 /* Elmla3eb-Bridging-Header.h */ = {isa = PBXFileReference; lastKnownFileType = sourcecode.c.h; path = "Elmla3eb-Bridging-Header.h"; sourceTree = "<group>"; };
		716728561E2B6B8600C32F59 /* SWRevealViewController.h */ = {isa = PBXFileReference; fileEncoding = 4; lastKnownFileType = sourcecode.c.h; path = SWRevealViewController.h; sourceTree = "<group>"; };
		716728571E2B6B8600C32F59 /* SWRevealViewController.m */ = {isa = PBXFileReference; fileEncoding = 4; lastKnownFileType = sourcecode.c.objc; path = SWRevealViewController.m; sourceTree = "<group>"; };
		716728591E2B706C00C32F59 /* ExtRevealSieMenu.swift */ = {isa = PBXFileReference; fileEncoding = 4; lastKnownFileType = sourcecode.swift; path = ExtRevealSieMenu.swift; sourceTree = "<group>"; };
		7167285B1E2B788000C32F59 /* sideMenuTableView.swift */ = {isa = PBXFileReference; fileEncoding = 4; lastKnownFileType = sourcecode.swift; path = sideMenuTableView.swift; sourceTree = "<group>"; };
		7167285D1E2B96D100C32F59 /* SearchViewController.swift */ = {isa = PBXFileReference; fileEncoding = 4; lastKnownFileType = sourcecode.swift; path = SearchViewController.swift; sourceTree = "<group>"; };
		716728601E2B98E000C32F59 /* ExtRegisterDatePicker.swift */ = {isa = PBXFileReference; fileEncoding = 4; lastKnownFileType = sourcecode.swift; path = ExtRegisterDatePicker.swift; sourceTree = "<group>"; };
		716728621E2BA8DD00C32F59 /* ExtSearchVC.swift */ = {isa = PBXFileReference; fileEncoding = 4; lastKnownFileType = sourcecode.swift; name = ExtSearchVC.swift; path = ../ExtSearchVC.swift; sourceTree = "<group>"; };
		71B52C6A1E2778B600E2BFFA /* AukDistrib.swift */ = {isa = PBXFileReference; fileEncoding = 4; lastKnownFileType = sourcecode.swift; path = AukDistrib.swift; sourceTree = "<group>"; };
		71B52C6B1E2778B600E2BFFA /* ScrollViewEx.swift */ = {isa = PBXFileReference; fileEncoding = 4; lastKnownFileType = sourcecode.swift; path = ScrollViewEx.swift; sourceTree = "<group>"; };
		71B52C6C1E2778B600E2BFFA /* MoaDistrib.swift */ = {isa = PBXFileReference; fileEncoding = 4; lastKnownFileType = sourcecode.swift; path = MoaDistrib.swift; sourceTree = "<group>"; };
		71B52C711E277D9700E2BFFA /* Static Bold Italic.otf */ = {isa = PBXFileReference; lastKnownFileType = file; path = "Static Bold Italic.otf"; sourceTree = "<group>"; };
		71B52C721E277D9700E2BFFA /* Static Bold.otf */ = {isa = PBXFileReference; lastKnownFileType = file; path = "Static Bold.otf"; sourceTree = "<group>"; };
		71B52C731E277D9700E2BFFA /* Static Italic.otf */ = {isa = PBXFileReference; lastKnownFileType = file; path = "Static Italic.otf"; sourceTree = "<group>"; };
		71B52C741E277D9700E2BFFA /* Static.otf */ = {isa = PBXFileReference; lastKnownFileType = file; path = Static.otf; sourceTree = "<group>"; };
		71B52C791E27807700E2BFFA /* HomePageViewController.swift */ = {isa = PBXFileReference; fileEncoding = 4; lastKnownFileType = sourcecode.swift; path = HomePageViewController.swift; sourceTree = "<group>"; };
		71B52C7C1E27815B00E2BFFA /* ExtHomePAuk.swift */ = {isa = PBXFileReference; fileEncoding = 4; lastKnownFileType = sourcecode.swift; path = ExtHomePAuk.swift; sourceTree = "<group>"; };
		71B52C7E1E278E0300E2BFFA /* CitiesAndPlayFieldsCollectionViewCell.swift */ = {isa = PBXFileReference; fileEncoding = 4; lastKnownFileType = sourcecode.swift; path = CitiesAndPlayFieldsCollectionViewCell.swift; sourceTree = "<group>"; };
		71B52C7F1E278E0300E2BFFA /* CitiesAndPlayFieldsCollectionViewCell.xib */ = {isa = PBXFileReference; fileEncoding = 4; lastKnownFileType = file.xib; path = CitiesAndPlayFieldsCollectionViewCell.xib; sourceTree = "<group>"; };
		71B52C821E27A72400E2BFFA /* RecentAddedFieldsCollectionViewCell.swift */ = {isa = PBXFileReference; fileEncoding = 4; lastKnownFileType = sourcecode.swift; path = RecentAddedFieldsCollectionViewCell.swift; sourceTree = "<group>"; };
		71B52C841E27A73700E2BFFA /* MostBookedCollectionViewCell.swift */ = {isa = PBXFileReference; fileEncoding = 4; lastKnownFileType = sourcecode.swift; path = MostBookedCollectionViewCell.swift; sourceTree = "<group>"; };
		71B52C861E27A78600E2BFFA /* CitiesAndFieldsCollectionViewCell.swift */ = {isa = PBXFileReference; fileEncoding = 4; lastKnownFileType = sourcecode.swift; path = CitiesAndFieldsCollectionViewCell.swift; sourceTree = "<group>"; };
		71B52C891E27AA6700E2BFFA /* ExtHPCollectionDelegate.swift */ = {isa = PBXFileReference; fileEncoding = 4; lastKnownFileType = sourcecode.swift; path = ExtHPCollectionDelegate.swift; sourceTree = "<group>"; };
		71B52C8B1E27AA7800E2BFFA /* ExtHPCollectionDataSource.swift */ = {isa = PBXFileReference; fileEncoding = 4; lastKnownFileType = sourcecode.swift; path = ExtHPCollectionDataSource.swift; sourceTree = "<group>"; };
		71B52C8D1E27CF6E00E2BFFA /* L012Localizer.swift */ = {isa = PBXFileReference; fileEncoding = 4; lastKnownFileType = sourcecode.swift; path = L012Localizer.swift; sourceTree = "<group>"; };
		71B52C8E1E27CF6E00E2BFFA /* L102Language.swift */ = {isa = PBXFileReference; fileEncoding = 4; lastKnownFileType = sourcecode.swift; path = L102Language.swift; sourceTree = "<group>"; };
		71B52C8F1E27CF6E00E2BFFA /* MirroringLabel.swift */ = {isa = PBXFileReference; fileEncoding = 4; lastKnownFileType = sourcecode.swift; path = MirroringLabel.swift; sourceTree = "<group>"; };
		71B52C951E27CFEB00E2BFFA /* ar */ = {isa = PBXFileReference; lastKnownFileType = text.plist.strings; name = ar; path = ar.lproj/LaunchScreen.strings; sourceTree = "<group>"; };
		71B52C9B1E27D16900E2BFFA /* en */ = {isa = PBXFileReference; lastKnownFileType = text.plist.strings; name = en; path = en.lproj/Main.strings; sourceTree = "<group>"; };
		71F5FAA01E24C14000BD1F83 /* Elmla3eb.app */ = {isa = PBXFileReference; explicitFileType = wrapper.application; includeInIndex = 0; path = Elmla3eb.app; sourceTree = BUILT_PRODUCTS_DIR; };
		71F5FAA31E24C14000BD1F83 /* AppDelegate.swift */ = {isa = PBXFileReference; lastKnownFileType = sourcecode.swift; path = AppDelegate.swift; sourceTree = "<group>"; };
		71F5FAA51E24C14000BD1F83 /* RegisterViewController.swift */ = {isa = PBXFileReference; lastKnownFileType = sourcecode.swift; path = RegisterViewController.swift; sourceTree = "<group>"; };
		71F5FAA81E24C14000BD1F83 /* Base */ = {isa = PBXFileReference; lastKnownFileType = file.storyboard; name = Base; path = Base.lproj/Main.storyboard; sourceTree = "<group>"; };
		71F5FAAA1E24C14000BD1F83 /* Assets.xcassets */ = {isa = PBXFileReference; lastKnownFileType = folder.assetcatalog; path = Assets.xcassets; sourceTree = "<group>"; };
		71F5FAAD1E24C14000BD1F83 /* Base */ = {isa = PBXFileReference; lastKnownFileType = file.storyboard; name = Base; path = Base.lproj/LaunchScreen.storyboard; sourceTree = "<group>"; };
		71F5FAAF1E24C14000BD1F83 /* Info.plist */ = {isa = PBXFileReference; lastKnownFileType = text.plist.xml; path = Info.plist; sourceTree = "<group>"; };
		71F5FAB51E24CD0800BD1F83 /* RegisterTextFieldDeledate.swift */ = {isa = PBXFileReference; fileEncoding = 4; lastKnownFileType = sourcecode.swift; path = RegisterTextFieldDeledate.swift; sourceTree = "<group>"; };
		71F5FAB91E24D68C00BD1F83 /* DatePickerDialog.swift */ = {isa = PBXFileReference; fileEncoding = 4; lastKnownFileType = sourcecode.swift; path = DatePickerDialog.swift; sourceTree = "<group>"; };
		71F5FABB1E24DC8000BD1F83 /* Extensions.swift */ = {isa = PBXFileReference; fileEncoding = 4; lastKnownFileType = sourcecode.swift; path = Extensions.swift; sourceTree = "<group>"; };
		71F5FABD1E24E9BA00BD1F83 /* SigninViewController.swift */ = {isa = PBXFileReference; fileEncoding = 4; lastKnownFileType = sourcecode.swift; path = SigninViewController.swift; sourceTree = "<group>"; };
		71F5FAC01E24F31100BD1F83 /* alert-round.png */ = {isa = PBXFileReference; lastKnownFileType = image.png; path = "alert-round.png"; sourceTree = "<group>"; };
		71F5FAC11E24F31100BD1F83 /* checkmark-round.png */ = {isa = PBXFileReference; lastKnownFileType = image.png; path = "checkmark-round.png"; sourceTree = "<group>"; };
		71F5FAC21E24F31100BD1F83 /* close-round.png */ = {isa = PBXFileReference; lastKnownFileType = image.png; path = "close-round.png"; sourceTree = "<group>"; };
		71F5FAC31E24F31100BD1F83 /* Colors.swift */ = {isa = PBXFileReference; fileEncoding = 4; lastKnownFileType = sourcecode.swift; path = Colors.swift; sourceTree = "<group>"; };
		71F5FAC41E24F31100BD1F83 /* FCAlertView.h */ = {isa = PBXFileReference; fileEncoding = 4; lastKnownFileType = sourcecode.c.h; path = FCAlertView.h; sourceTree = "<group>"; };
		71F5FAC51E24F31100BD1F83 /* FCAlertView.swift */ = {isa = PBXFileReference; fileEncoding = 4; lastKnownFileType = sourcecode.swift; path = FCAlertView.swift; sourceTree = "<group>"; };
		71F5FAC61E24F31100BD1F83 /* FCAlertViewDelegate.swift */ = {isa = PBXFileReference; fileEncoding = 4; lastKnownFileType = sourcecode.swift; path = FCAlertViewDelegate.swift; sourceTree = "<group>"; };
		71F5FAC71E24F31100BD1F83 /* Info.plist */ = {isa = PBXFileReference; fileEncoding = 4; lastKnownFileType = text.plist.xml; path = Info.plist; sourceTree = "<group>"; };
		71F5FACF1E250A6C00BD1F83 /* MapKit.framework */ = {isa = PBXFileReference; lastKnownFileType = wrapper.framework; name = MapKit.framework; path = System/Library/Frameworks/MapKit.framework; sourceTree = SDKROOT; };
		71F5FAD21E250E1000BD1F83 /* PlayFieldViewController.swift */ = {isa = PBXFileReference; fileEncoding = 4; lastKnownFileType = sourcecode.swift; path = PlayFieldViewController.swift; sourceTree = "<group>"; };
/* End PBXFileReference section */

/* Begin PBXFrameworksBuildPhase section */
		71F5FA9D1E24C14000BD1F83 /* Frameworks */ = {
			isa = PBXFrameworksBuildPhase;
			buildActionMask = 2147483647;
			files = (
				71F5FAD01E250A6C00BD1F83 /* MapKit.framework in Frameworks */,
				12050C4C76B1B58D5276B25D /* Pods_Elmla3eb.framework in Frameworks */,
			);
			runOnlyForDeploymentPostprocessing = 0;
		};
/* End PBXFrameworksBuildPhase section */

/* Begin PBXGroup section */
		7162B7281E265DF9003C3206 /* V */ = {
			isa = PBXGroup;
			children = (
				7162B71E1E263100003C3206 /* PinAnnotation.swift */,
				71B52C881E27A96000E2BFFA /* HomeVC Cells */,
				7162B7291E265E05003C3206 /* PlayFieldViewControllerCells  */,
			);
			name = V;
			sourceTree = "<group>";
		};
		7162B7291E265E05003C3206 /* PlayFieldViewControllerCells  */ = {
			isa = PBXGroup;
			children = (
				7162B7241E265DD0003C3206 /* PlayFieldDaysOfWeekCollectionViewCell.swift */,
				7162B7261E265DF1003C3206 /* PlayFieldDaysOfWeekTableViewCell.swift */,
				71B52C7E1E278E0300E2BFFA /* CitiesAndPlayFieldsCollectionViewCell.swift */,
				71B52C7F1E278E0300E2BFFA /* CitiesAndPlayFieldsCollectionViewCell.xib */,
			);
			name = "PlayFieldViewControllerCells ";
			sourceTree = "<group>";
		};
		7162B72A1E265E92003C3206 /* C */ = {
			isa = PBXGroup;
			children = (
				7167285F1E2B98B600C32F59 /* Register */,
				71F5FABD1E24E9BA00BD1F83 /* SigninViewController.swift */,
				715B892C1E2ADD10000804EA /* FieldsMap.swift */,
				7167285D1E2B96D100C32F59 /* SearchViewController.swift */,
				716728621E2BA8DD00C32F59 /* ExtSearchVC.swift */,
				71B52C7B1E27814200E2BFFA /* HomePage */,
				7162B72B1E265E9A003C3206 /* PlayFieldViewController */,
			);
			name = C;
			sourceTree = "<group>";
		};
		7162B72B1E265E9A003C3206 /* PlayFieldViewController */ = {
			isa = PBXGroup;
			children = (
				71F5FAD21E250E1000BD1F83 /* PlayFieldViewController.swift */,
				7162B72E1E265EC7003C3206 /* CVPlayFieldViewController.swift */,
			);
			name = PlayFieldViewController;
			sourceTree = "<group>";
		};
		7167285F1E2B98B600C32F59 /* Register */ = {
			isa = PBXGroup;
			children = (
				71F5FAA51E24C14000BD1F83 /* RegisterViewController.swift */,
				71F5FAB51E24CD0800BD1F83 /* RegisterTextFieldDeledate.swift */,
				716728601E2B98E000C32F59 /* ExtRegisterDatePicker.swift */,
			);
			name = Register;
			sourceTree = "<group>";
		};
		71B52C701E277D8800E2BFFA /* Assets */ = {
			isa = PBXGroup;
			children = (
				71B52C711E277D9700E2BFFA /* Static Bold Italic.otf */,
				71B52C721E277D9700E2BFFA /* Static Bold.otf */,
				71B52C731E277D9700E2BFFA /* Static Italic.otf */,
				71B52C741E277D9700E2BFFA /* Static.otf */,
			);
			name = Assets;
			sourceTree = "<group>";
		};
		71B52C7B1E27814200E2BFFA /* HomePage */ = {
			isa = PBXGroup;
			children = (
				71B52C791E27807700E2BFFA /* HomePageViewController.swift */,
				71B52C7C1E27815B00E2BFFA /* ExtHomePAuk.swift */,
				71B52C891E27AA6700E2BFFA /* ExtHPCollectionDelegate.swift */,
				71B52C8B1E27AA7800E2BFFA /* ExtHPCollectionDataSource.swift */,
				716728591E2B706C00C32F59 /* ExtRevealSieMenu.swift */,
			);
			name = HomePage;
			sourceTree = "<group>";
		};
		71B52C881E27A96000E2BFFA /* HomeVC Cells */ = {
			isa = PBXGroup;
			children = (
				71B52C821E27A72400E2BFFA /* RecentAddedFieldsCollectionViewCell.swift */,
				71B52C841E27A73700E2BFFA /* MostBookedCollectionViewCell.swift */,
				71B52C861E27A78600E2BFFA /* CitiesAndFieldsCollectionViewCell.swift */,
			);
			name = "HomeVC Cells";
			sourceTree = "<group>";
		};
		71B52C901E27CF6E00E2BFFA /* Localization */ = {
			isa = PBXGroup;
			children = (
				71B52C8D1E27CF6E00E2BFFA /* L012Localizer.swift */,
				71B52C8E1E27CF6E00E2BFFA /* L102Language.swift */,
				71B52C8F1E27CF6E00E2BFFA /* MirroringLabel.swift */,
			);
			name = Localization;
			path = "../../../HyperApp /HyperApp";
			sourceTree = "<group>";
		};
		71F5FA971E24C14000BD1F83 = {
			isa = PBXGroup;
			children = (
				71F5FAA21E24C14000BD1F83 /* Elmla3eb */,
				71F5FAA11E24C14000BD1F83 /* Products */,
				9677F7CBFA37659521EAE0F5 /* Pods */,
				83EDE73A76A1FF6A3AA9D955 /* Frameworks */,
			);
			sourceTree = "<group>";
		};
		71F5FAA11E24C14000BD1F83 /* Products */ = {
			isa = PBXGroup;
			children = (
				71F5FAA01E24C14000BD1F83 /* Elmla3eb.app */,
			);
			name = Products;
			sourceTree = "<group>";
		};
		71F5FAA21E24C14000BD1F83 /* Elmla3eb */ = {
			isa = PBXGroup;
			children = (
				71F5FAA31E24C14000BD1F83 /* AppDelegate.swift */,
				71B52C901E27CF6E00E2BFFA /* Localization */,
				7162B72A1E265E92003C3206 /* C */,
				7162B7281E265DF9003C3206 /* V */,
				71F5FAD11E250DD800BD1F83 /* 3rd Part help */,
				71F5FAAA1E24C14000BD1F83 /* Assets.xcassets */,
				71B52C701E277D8800E2BFFA /* Assets */,
				71F5FAA71E24C14000BD1F83 /* Main.storyboard */,
				71F5FAAC1E24C14000BD1F83 /* LaunchScreen.storyboard */,
				71F5FAAF1E24C14000BD1F83 /* Info.plist */,
				71F5FABF1E24F31100BD1F83 /* FCAlertView */,
			);
			path = Elmla3eb;
			sourceTree = "<group>";
		};
		71F5FABF1E24F31100BD1F83 /* FCAlertView */ = {
			isa = PBXGroup;
			children = (
				71F5FAC01E24F31100BD1F83 /* alert-round.png */,
				71F5FAC11E24F31100BD1F83 /* checkmark-round.png */,
				71F5FAC21E24F31100BD1F83 /* close-round.png */,
				71F5FAC31E24F31100BD1F83 /* Colors.swift */,
				71F5FAC41E24F31100BD1F83 /* FCAlertView.h */,
				71F5FAC51E24F31100BD1F83 /* FCAlertView.swift */,
				71F5FAC61E24F31100BD1F83 /* FCAlertViewDelegate.swift */,
				71F5FAC71E24F31100BD1F83 /* Info.plist */,
				716728521E2B6AD500C32F59 /* Elmla3eb-Bridging-Header.h */,
			);
			path = FCAlertView;
			sourceTree = "<group>";
		};
		71F5FAD11E250DD800BD1F83 /* 3rd Part help */ = {
			isa = PBXGroup;
			children = (
				7167285B1E2B788000C32F59 /* sideMenuTableView.swift */,
				7162B7221E263DB3003C3206 /* MaterialView.swift */,
				71F5FABB1E24DC8000BD1F83 /* Extensions.swift */,
				71F5FAB91E24D68C00BD1F83 /* DatePickerDialog.swift */,
				71B52C6A1E2778B600E2BFFA /* AukDistrib.swift */,
				71B52C6B1E2778B600E2BFFA /* ScrollViewEx.swift */,
				71B52C6C1E2778B600E2BFFA /* MoaDistrib.swift */,
				716728561E2B6B8600C32F59 /* SWRevealViewController.h */,
				716728571E2B6B8600C32F59 /* SWRevealViewController.m */,
			);
			name = "3rd Part help";
			sourceTree = "<group>";
		};
		83EDE73A76A1FF6A3AA9D955 /* Frameworks */ = {
			isa = PBXGroup;
			children = (
				71F5FACF1E250A6C00BD1F83 /* MapKit.framework */,
				30DD10A2033D8A3CBCE2B698 /* Pods_Elmla3eb.framework */,
			);
			name = Frameworks;
			sourceTree = "<group>";
		};
		9677F7CBFA37659521EAE0F5 /* Pods */ = {
			isa = PBXGroup;
			children = (
				1B5CA1DB848E9C92DCAF236C /* Pods-Elmla3eb.debug.xcconfig */,
				5A3F71405FE3747D43A56C93 /* Pods-Elmla3eb.release.xcconfig */,
			);
			name = Pods;
			sourceTree = "<group>";
		};
/* End PBXGroup section */

/* Begin PBXNativeTarget section */
		71F5FA9F1E24C14000BD1F83 /* Elmla3eb */ = {
			isa = PBXNativeTarget;
			buildConfigurationList = 71F5FAB21E24C14000BD1F83 /* Build configuration list for PBXNativeTarget "Elmla3eb" */;
			buildPhases = (
				3EF198E67E4A903DEE53E5A6 /* [CP] Check Pods Manifest.lock */,
				71F5FA9C1E24C14000BD1F83 /* Sources */,
				71F5FA9D1E24C14000BD1F83 /* Frameworks */,
				71F5FA9E1E24C14000BD1F83 /* Resources */,
				66698051E9E26D7CD0BE064B /* [CP] Embed Pods Frameworks */,
				55BD16A17834B764A7CB7EE8 /* [CP] Copy Pods Resources */,
			);
			buildRules = (
			);
			dependencies = (
			);
			name = Elmla3eb;
			productName = Elmla3eb;
			productReference = 71F5FAA01E24C14000BD1F83 /* Elmla3eb.app */;
			productType = "com.apple.product-type.application";
		};
/* End PBXNativeTarget section */

/* Begin PBXProject section */
		71F5FA981E24C14000BD1F83 /* Project object */ = {
			isa = PBXProject;
			attributes = {
				LastSwiftUpdateCheck = 0820;
				LastUpgradeCheck = 0820;
				ORGANIZATIONNAME = Killvak;
				TargetAttributes = {
					71F5FA9F1E24C14000BD1F83 = {
						CreatedOnToolsVersion = 8.2.1;
						DevelopmentTeam = YKSLKY2D83;
						LastSwiftMigration = 0820;
						ProvisioningStyle = Automatic;
						SystemCapabilities = {
							com.apple.Maps.iOS = {
								enabled = 1;
							};
						};
					};
				};
			};
			buildConfigurationList = 71F5FA9B1E24C14000BD1F83 /* Build configuration list for PBXProject "Elmla3eb" */;
			compatibilityVersion = "Xcode 3.2";
			developmentRegion = English;
			hasScannedForEncodings = 0;
			knownRegions = (
				en,
				Base,
				ar,
			);
			mainGroup = 71F5FA971E24C14000BD1F83;
			productRefGroup = 71F5FAA11E24C14000BD1F83 /* Products */;
			projectDirPath = "";
			projectRoot = "";
			targets = (
				71F5FA9F1E24C14000BD1F83 /* Elmla3eb */,
			);
		};
/* End PBXProject section */

/* Begin PBXResourcesBuildPhase section */
		71F5FA9E1E24C14000BD1F83 /* Resources */ = {
			isa = PBXResourcesBuildPhase;
			buildActionMask = 2147483647;
			files = (
				71B52C781E277D9700E2BFFA /* Static.otf in Resources */,
				71F5FAAE1E24C14000BD1F83 /* LaunchScreen.storyboard in Resources */,
				71B52C761E277D9700E2BFFA /* Static Bold.otf in Resources */,
				71F5FAAB1E24C14000BD1F83 /* Assets.xcassets in Resources */,
				71F5FAA91E24C14000BD1F83 /* Main.storyboard in Resources */,
				71F5FACA1E24F31100BD1F83 /* close-round.png in Resources */,
				71B52C811E278E0300E2BFFA /* CitiesAndPlayFieldsCollectionViewCell.xib in Resources */,
				71B52C751E277D9700E2BFFA /* Static Bold Italic.otf in Resources */,
				71F5FAC81E24F31100BD1F83 /* alert-round.png in Resources */,
				71F5FAC91E24F31100BD1F83 /* checkmark-round.png in Resources */,
				71B52C771E277D9700E2BFFA /* Static Italic.otf in Resources */,
				71F5FACE1E24F31100BD1F83 /* Info.plist in Resources */,
			);
			runOnlyForDeploymentPostprocessing = 0;
		};
/* End PBXResourcesBuildPhase section */

/* Begin PBXShellScriptBuildPhase section */
		3EF198E67E4A903DEE53E5A6 /* [CP] Check Pods Manifest.lock */ = {
			isa = PBXShellScriptBuildPhase;
			buildActionMask = 2147483647;
			files = (
			);
			inputPaths = (
			);
			name = "[CP] Check Pods Manifest.lock";
			outputPaths = (
			);
			runOnlyForDeploymentPostprocessing = 0;
			shellPath = /bin/sh;
			shellScript = "diff \"${PODS_ROOT}/../Podfile.lock\" \"${PODS_ROOT}/Manifest.lock\" > /dev/null\nif [[ $? != 0 ]] ; then\n    cat << EOM\nerror: The sandbox is not in sync with the Podfile.lock. Run 'pod install' or update your CocoaPods installation.\nEOM\n    exit 1\nfi\n";
			showEnvVarsInLog = 0;
		};
		55BD16A17834B764A7CB7EE8 /* [CP] Copy Pods Resources */ = {
			isa = PBXShellScriptBuildPhase;
			buildActionMask = 2147483647;
			files = (
			);
			inputPaths = (
			);
			name = "[CP] Copy Pods Resources";
			outputPaths = (
			);
			runOnlyForDeploymentPostprocessing = 0;
			shellPath = /bin/sh;
			shellScript = "\"${SRCROOT}/Pods/Target Support Files/Pods-Elmla3eb/Pods-Elmla3eb-resources.sh\"\n";
			showEnvVarsInLog = 0;
		};
		66698051E9E26D7CD0BE064B /* [CP] Embed Pods Frameworks */ = {
			isa = PBXShellScriptBuildPhase;
			buildActionMask = 2147483647;
			files = (
			);
			inputPaths = (
			);
			name = "[CP] Embed Pods Frameworks";
			outputPaths = (
			);
			runOnlyForDeploymentPostprocessing = 0;
			shellPath = /bin/sh;
			shellScript = "\"${SRCROOT}/Pods/Target Support Files/Pods-Elmla3eb/Pods-Elmla3eb-frameworks.sh\"\n";
			showEnvVarsInLog = 0;
		};
/* End PBXShellScriptBuildPhase section */

/* Begin PBXSourcesBuildPhase section */
		71F5FA9C1E24C14000BD1F83 /* Sources */ = {
			isa = PBXSourcesBuildPhase;
			buildActionMask = 2147483647;
			files = (
				7162B71F1E263100003C3206 /* PinAnnotation.swift in Sources */,
				71F5FABE1E24E9BA00BD1F83 /* SigninViewController.swift in Sources */,
				71F5FACB1E24F31100BD1F83 /* Colors.swift in Sources */,
				71B52C801E278E0300E2BFFA /* CitiesAndPlayFieldsCollectionViewCell.swift in Sources */,
				71B52C931E27CF6E00E2BFFA /* MirroringLabel.swift in Sources */,
				7167285C1E2B788000C32F59 /* sideMenuTableView.swift in Sources */,
				71B52C871E27A78600E2BFFA /* CitiesAndFieldsCollectionViewCell.swift in Sources */,
				7162B7231E263DB3003C3206 /* MaterialView.swift in Sources */,
				71F5FAA61E24C14000BD1F83 /* RegisterViewController.swift in Sources */,
				71F5FABC1E24DC8000BD1F83 /* Extensions.swift in Sources */,
				71B52C8A1E27AA6700E2BFFA /* ExtHPCollectionDelegate.swift in Sources */,
				71B52C831E27A72400E2BFFA /* RecentAddedFieldsCollectionViewCell.swift in Sources */,
				71B52C8C1E27AA7800E2BFFA /* ExtHPCollectionDataSource.swift in Sources */,
				71F5FACC1E24F31100BD1F83 /* FCAlertView.swift in Sources */,
				71B52C6E1E2778B600E2BFFA /* ScrollViewEx.swift in Sources */,
				716728611E2B98E000C32F59 /* ExtRegisterDatePicker.swift in Sources */,
				71F5FAD31E250E1000BD1F83 /* PlayFieldViewController.swift in Sources */,
				71F5FACD1E24F31100BD1F83 /* FCAlertViewDelegate.swift in Sources */,
				71B52C851E27A73700E2BFFA /* MostBookedCollectionViewCell.swift in Sources */,
				71F5FAA41E24C14000BD1F83 /* AppDelegate.swift in Sources */,
				716728631E2BA8DD00C32F59 /* ExtSearchVC.swift in Sources */,
				71F5FAB61E24CD0800BD1F83 /* RegisterTextFieldDeledate.swift in Sources */,
				7167285E1E2B96D100C32F59 /* SearchViewController.swift in Sources */,
				7162B72F1E265EC7003C3206 /* CVPlayFieldViewController.swift in Sources */,
				71B52C911E27CF6E00E2BFFA /* L012Localizer.swift in Sources */,
				71B52C921E27CF6E00E2BFFA /* L102Language.swift in Sources */,
				71F5FABA1E24D68C00BD1F83 /* DatePickerDialog.swift in Sources */,
				7167285A1E2B706C00C32F59 /* ExtRevealSieMenu.swift in Sources */,
				71B52C6D1E2778B600E2BFFA /* AukDistrib.swift in Sources */,
				716728581E2B6B8600C32F59 /* SWRevealViewController.m in Sources */,
				71B52C6F1E2778B600E2BFFA /* MoaDistrib.swift in Sources */,
				7162B7271E265DF1003C3206 /* PlayFieldDaysOfWeekTableViewCell.swift in Sources */,
				7162B7251E265DD0003C3206 /* PlayFieldDaysOfWeekCollectionViewCell.swift in Sources */,
				715B892D1E2ADD10000804EA /* FieldsMap.swift in Sources */,
				71B52C7A1E27807700E2BFFA /* HomePageViewController.swift in Sources */,
				71B52C7D1E27815B00E2BFFA /* ExtHomePAuk.swift in Sources */,
			);
			runOnlyForDeploymentPostprocessing = 0;
		};
/* End PBXSourcesBuildPhase section */

/* Begin PBXVariantGroup section */
		71F5FAA71E24C14000BD1F83 /* Main.storyboard */ = {
			isa = PBXVariantGroup;
			children = (
				71F5FAA81E24C14000BD1F83 /* Base */,
				71B52C9B1E27D16900E2BFFA /* en */,
			);
			name = Main.storyboard;
			sourceTree = "<group>";
		};
		71F5FAAC1E24C14000BD1F83 /* LaunchScreen.storyboard */ = {
			isa = PBXVariantGroup;
			children = (
				71F5FAAD1E24C14000BD1F83 /* Base */,
				71B52C951E27CFEB00E2BFFA /* ar */,
			);
			name = LaunchScreen.storyboard;
			sourceTree = "<group>";
		};
/* End PBXVariantGroup section */

/* Begin XCBuildConfiguration section */
		71F5FAB01E24C14000BD1F83 /* Debug */ = {
			isa = XCBuildConfiguration;
			buildSettings = {
				ALWAYS_SEARCH_USER_PATHS = NO;
				CLANG_ANALYZER_LOCALIZABILITY_NONLOCALIZED = YES;
				CLANG_ANALYZER_NONNULL = YES;
				CLANG_CXX_LANGUAGE_STANDARD = "gnu++0x";
				CLANG_CXX_LIBRARY = "libc++";
				CLANG_ENABLE_MODULES = YES;
				CLANG_ENABLE_OBJC_ARC = YES;
				CLANG_WARN_BOOL_CONVERSION = YES;
				CLANG_WARN_CONSTANT_CONVERSION = YES;
				CLANG_WARN_DIRECT_OBJC_ISA_USAGE = YES_ERROR;
				CLANG_WARN_DOCUMENTATION_COMMENTS = YES;
				CLANG_WARN_EMPTY_BODY = YES;
				CLANG_WARN_ENUM_CONVERSION = YES;
				CLANG_WARN_INFINITE_RECURSION = YES;
				CLANG_WARN_INT_CONVERSION = YES;
				CLANG_WARN_OBJC_ROOT_CLASS = YES_ERROR;
				CLANG_WARN_SUSPICIOUS_MOVE = YES;
				CLANG_WARN_UNREACHABLE_CODE = YES;
				CLANG_WARN__DUPLICATE_METHOD_MATCH = YES;
				"CODE_SIGN_IDENTITY[sdk=iphoneos*]" = "iPhone Developer";
				COPY_PHASE_STRIP = NO;
				DEBUG_INFORMATION_FORMAT = dwarf;
				ENABLE_STRICT_OBJC_MSGSEND = YES;
				ENABLE_TESTABILITY = YES;
				GCC_C_LANGUAGE_STANDARD = gnu99;
				GCC_DYNAMIC_NO_PIC = NO;
				GCC_NO_COMMON_BLOCKS = YES;
				GCC_OPTIMIZATION_LEVEL = 0;
				GCC_PREPROCESSOR_DEFINITIONS = (
					"DEBUG=1",
					"$(inherited)",
				);
				GCC_WARN_64_TO_32_BIT_CONVERSION = YES;
				GCC_WARN_ABOUT_RETURN_TYPE = YES_ERROR;
				GCC_WARN_UNDECLARED_SELECTOR = YES;
				GCC_WARN_UNINITIALIZED_AUTOS = YES_AGGRESSIVE;
				GCC_WARN_UNUSED_FUNCTION = YES;
				GCC_WARN_UNUSED_VARIABLE = YES;
				IPHONEOS_DEPLOYMENT_TARGET = 10.2;
				MTL_ENABLE_DEBUG_INFO = YES;
				ONLY_ACTIVE_ARCH = YES;
				SDKROOT = iphoneos;
				SWIFT_ACTIVE_COMPILATION_CONDITIONS = DEBUG;
				SWIFT_OPTIMIZATION_LEVEL = "-Onone";
				TARGETED_DEVICE_FAMILY = "1,2";
			};
			name = Debug;
		};
		71F5FAB11E24C14000BD1F83 /* Release */ = {
			isa = XCBuildConfiguration;
			buildSettings = {
				ALWAYS_SEARCH_USER_PATHS = NO;
				CLANG_ANALYZER_LOCALIZABILITY_NONLOCALIZED = YES;
				CLANG_ANALYZER_NONNULL = YES;
				CLANG_CXX_LANGUAGE_STANDARD = "gnu++0x";
				CLANG_CXX_LIBRARY = "libc++";
				CLANG_ENABLE_MODULES = YES;
				CLANG_ENABLE_OBJC_ARC = YES;
				CLANG_WARN_BOOL_CONVERSION = YES;
				CLANG_WARN_CONSTANT_CONVERSION = YES;
				CLANG_WARN_DIRECT_OBJC_ISA_USAGE = YES_ERROR;
				CLANG_WARN_DOCUMENTATION_COMMENTS = YES;
				CLANG_WARN_EMPTY_BODY = YES;
				CLANG_WARN_ENUM_CONVERSION = YES;
				CLANG_WARN_INFINITE_RECURSION = YES;
				CLANG_WARN_INT_CONVERSION = YES;
				CLANG_WARN_OBJC_ROOT_CLASS = YES_ERROR;
				CLANG_WARN_SUSPICIOUS_MOVE = YES;
				CLANG_WARN_UNREACHABLE_CODE = YES;
				CLANG_WARN__DUPLICATE_METHOD_MATCH = YES;
				"CODE_SIGN_IDENTITY[sdk=iphoneos*]" = "iPhone Developer";
				COPY_PHASE_STRIP = NO;
				DEBUG_INFORMATION_FORMAT = "dwarf-with-dsym";
				ENABLE_NS_ASSERTIONS = NO;
				ENABLE_STRICT_OBJC_MSGSEND = YES;
				GCC_C_LANGUAGE_STANDARD = gnu99;
				GCC_NO_COMMON_BLOCKS = YES;
				GCC_WARN_64_TO_32_BIT_CONVERSION = YES;
				GCC_WARN_ABOUT_RETURN_TYPE = YES_ERROR;
				GCC_WARN_UNDECLARED_SELECTOR = YES;
				GCC_WARN_UNINITIALIZED_AUTOS = YES_AGGRESSIVE;
				GCC_WARN_UNUSED_FUNCTION = YES;
				GCC_WARN_UNUSED_VARIABLE = YES;
				IPHONEOS_DEPLOYMENT_TARGET = 10.2;
				MTL_ENABLE_DEBUG_INFO = NO;
				SDKROOT = iphoneos;
				SWIFT_OPTIMIZATION_LEVEL = "-Owholemodule";
				TARGETED_DEVICE_FAMILY = "1,2";
				VALIDATE_PRODUCT = YES;
			};
			name = Release;
		};
		71F5FAB31E24C14000BD1F83 /* Debug */ = {
			isa = XCBuildConfiguration;
			baseConfigurationReference = 1B5CA1DB848E9C92DCAF236C /* Pods-Elmla3eb.debug.xcconfig */;
			buildSettings = {
				ASSETCATALOG_COMPILER_APPICON_NAME = AppIcon;
				CLANG_ENABLE_MODULES = YES;
				DEVELOPMENT_TEAM = YKSLKY2D83;
				INFOPLIST_FILE = Elmla3eb/Info.plist;
				IPHONEOS_DEPLOYMENT_TARGET = 9.0;
				LD_RUNPATH_SEARCH_PATHS = "$(inherited) @executable_path/Frameworks";
				PRODUCT_BUNDLE_IDENTIFIER = com.AppsSqaure.Elmla3eb;
				PRODUCT_NAME = "$(TARGET_NAME)";
				SWIFT_OBJC_BRIDGING_HEADER = "Elmla3eb/FCAlertView/Elmla3eb-Bridging-Header.h";
				SWIFT_OPTIMIZATION_LEVEL = "-Onone";
				SWIFT_VERSION = 3.0;
			};
			name = Debug;
		};
		71F5FAB41E24C14000BD1F83 /* Release */ = {
			isa = XCBuildConfiguration;
			baseConfigurationReference = 5A3F71405FE3747D43A56C93 /* Pods-Elmla3eb.release.xcconfig */;
			buildSettings = {
				ASSETCATALOG_COMPILER_APPICON_NAME = AppIcon;
				CLANG_ENABLE_MODULES = YES;
				DEVELOPMENT_TEAM = YKSLKY2D83;
				INFOPLIST_FILE = Elmla3eb/Info.plist;
				IPHONEOS_DEPLOYMENT_TARGET = 9.0;
				LD_RUNPATH_SEARCH_PATHS = "$(inherited) @executable_path/Frameworks";
				PRODUCT_BUNDLE_IDENTIFIER = com.AppsSqaure.Elmla3eb;
				PRODUCT_NAME = "$(TARGET_NAME)";
				SWIFT_OBJC_BRIDGING_HEADER = "Elmla3eb/FCAlertView/Elmla3eb-Bridging-Header.h";
				SWIFT_VERSION = 3.0;
			};
			name = Release;
		};
/* End XCBuildConfiguration section */

/* Begin XCConfigurationList section */
		71F5FA9B1E24C14000BD1F83 /* Build configuration list for PBXProject "Elmla3eb" */ = {
			isa = XCConfigurationList;
			buildConfigurations = (
				71F5FAB01E24C14000BD1F83 /* Debug */,
				71F5FAB11E24C14000BD1F83 /* Release */,
			);
			defaultConfigurationIsVisible = 0;
			defaultConfigurationName = Release;
		};
		71F5FAB21E24C14000BD1F83 /* Build configuration list for PBXNativeTarget "Elmla3eb" */ = {
			isa = XCConfigurationList;
			buildConfigurations = (
				71F5FAB31E24C14000BD1F83 /* Debug */,
				71F5FAB41E24C14000BD1F83 /* Release */,
			);
			defaultConfigurationIsVisible = 0;
			defaultConfigurationName = Release;
		};
/* End XCConfigurationList section */
	};
	rootObject = 71F5FA981E24C14000BD1F83 /* Project object */;
}
